
Microsoft Visual Studio Solution File, Format Version 12.00
# Visual Studio Version 16
VisualStudioVersion = 16.0.810.13
MinimumVisualStudioVersion = 10.0.40219.1
Project("{FAE04EC0-301F-11D3-BF4B-00C04F79EFBC}") = "GaTech.Chai.Cbs", "src\GaTech.Chai.Cbs\GaTech.Chai.Cbs.csproj", "{AFDDEA78-A8C0-44D8-9434-599BF9AA2A1E}"
EndProject
Project("{FAE04EC0-301F-11D3-BF4B-00C04F79EFBC}") = "CbsExamples", "src\CbsSample\CbsExamples.csproj", "{46DCBA04-A42D-4C1A-9308-A62E5DA75F2F}"
EndProject
Project("{FAE04EC0-301F-11D3-BF4B-00C04F79EFBC}") = "GaTech.Chai.Share", "src\GaTech.Chai.Share\GaTech.Chai.Share.csproj", "{E1ACD124-7816-400A-8A4A-BF463C3F06A1}"
EndProject
Project("{FAE04EC0-301F-11D3-BF4B-00C04F79EFBC}") = "GaTech.Chai.UsCore", "src\GaTech.Chai.UsCore\GaTech.Chai.UsCore.csproj", "{058C7CB8-8182-415B-B94E-88EC7F441956}"
EndProject
Project("{FAE04EC0-301F-11D3-BF4B-00C04F79EFBC}") = "GaTech.Chai.UsPublicHealth", "src\GaTech.Chai.UsPublicHealth\GaTech.Chai.UsPublicHealth.csproj", "{DD562F5B-9775-4E74-BA88-5AF8955F0B23}"
EndProject
Global
	GlobalSection(SolutionConfigurationPlatforms) = preSolution
		Debug|Any CPU = Debug|Any CPU
		Release|Any CPU = Release|Any CPU
	EndGlobalSection
	GlobalSection(ProjectConfigurationPlatforms) = postSolution
		{AFDDEA78-A8C0-44D8-9434-599BF9AA2A1E}.Debug|Any CPU.ActiveCfg = Debug|Any CPU
		{AFDDEA78-A8C0-44D8-9434-599BF9AA2A1E}.Debug|Any CPU.Build.0 = Debug|Any CPU
		{AFDDEA78-A8C0-44D8-9434-599BF9AA2A1E}.Release|Any CPU.ActiveCfg = Release|Any CPU
		{AFDDEA78-A8C0-44D8-9434-599BF9AA2A1E}.Release|Any CPU.Build.0 = Release|Any CPU
		{46DCBA04-A42D-4C1A-9308-A62E5DA75F2F}.Debug|Any CPU.ActiveCfg = Debug|Any CPU
		{46DCBA04-A42D-4C1A-9308-A62E5DA75F2F}.Debug|Any CPU.Build.0 = Debug|Any CPU
		{46DCBA04-A42D-4C1A-9308-A62E5DA75F2F}.Release|Any CPU.ActiveCfg = Release|Any CPU
		{46DCBA04-A42D-4C1A-9308-A62E5DA75F2F}.Release|Any CPU.Build.0 = Release|Any CPU
		{E1ACD124-7816-400A-8A4A-BF463C3F06A1}.Debug|Any CPU.ActiveCfg = Debug|Any CPU
		{E1ACD124-7816-400A-8A4A-BF463C3F06A1}.Debug|Any CPU.Build.0 = Debug|Any CPU
		{E1ACD124-7816-400A-8A4A-BF463C3F06A1}.Release|Any CPU.ActiveCfg = Release|Any CPU
		{E1ACD124-7816-400A-8A4A-BF463C3F06A1}.Release|Any CPU.Build.0 = Release|Any CPU
		{058C7CB8-8182-415B-B94E-88EC7F441956}.Debug|Any CPU.ActiveCfg = Debug|Any CPU
		{058C7CB8-8182-415B-B94E-88EC7F441956}.Debug|Any CPU.Build.0 = Debug|Any CPU
		{058C7CB8-8182-415B-B94E-88EC7F441956}.Release|Any CPU.ActiveCfg = Release|Any CPU
		{058C7CB8-8182-415B-B94E-88EC7F441956}.Release|Any CPU.Build.0 = Release|Any CPU
		{DD562F5B-9775-4E74-BA88-5AF8955F0B23}.Debug|Any CPU.ActiveCfg = Debug|Any CPU
		{DD562F5B-9775-4E74-BA88-5AF8955F0B23}.Debug|Any CPU.Build.0 = Debug|Any CPU
		{DD562F5B-9775-4E74-BA88-5AF8955F0B23}.Release|Any CPU.ActiveCfg = Release|Any CPU
		{DD562F5B-9775-4E74-BA88-5AF8955F0B23}.Release|Any CPU.Build.0 = Release|Any CPU
	EndGlobalSection
	GlobalSection(SolutionProperties) = preSolution
		HideSolutionNode = FALSE
	EndGlobalSection
	GlobalSection(ExtensibilityGlobals) = postSolution
		SolutionGuid = {E1740256-4137-4182-AD1D-62D56DF581DF}
	EndGlobalSection
EndGlobal
